
Microsoft Visual Studio Solution File, Format Version 12.00
# Visual Studio Version 17
VisualStudioVersion = 17.3.32901.215
MinimumVisualStudioVersion = 10.0.40219.1
Project("{9A19103F-16F7-4668-BE54-9A1E7A4F7556}") = "Targil0", "Targil0\Targil0.csproj", "{F42C028E-BCE9-466D-9AC9-96474E66A4D3}"
EndProject
Project("{2150E333-8FDC-42A3-9474-1A3956D46DE8}") = "Solution Items", "Solution Items", "{42271EB1-CB31-4972-9A4D-2AA6F14EC9F8}"
	ProjectSection(SolutionItems) = preProject
		README.md = README.md
	EndProjectSection
EndProject
Project("{9A19103F-16F7-4668-BE54-9A1E7A4F7556}") = "DalFacade", "DalFacade\DalFacade.csproj", "{EA6D9BDC-C5EC-4414-B0C4-E3F9855AFB50}"
EndProject
Project("{9A19103F-16F7-4668-BE54-9A1E7A4F7556}") = "DalList", "DalList\DalList.csproj", "{22C913B9-C7CC-4D48-8232-2A00CA32921F}"
EndProject
Project("{9A19103F-16F7-4668-BE54-9A1E7A4F7556}") = "DalTest", "DalTest\DalTest.csproj", "{51ED59A9-C9E7-41AF-A1DC-1466EAB5D309}"
EndProject
Project("{9A19103F-16F7-4668-BE54-9A1E7A4F7556}") = "BL", "BL\BL.csproj", "{8C7F6B41-D22C-43CC-BB3C-D0E90532C9AF}"
EndProject
Project("{9A19103F-16F7-4668-BE54-9A1E7A4F7556}") = "BlTest", "BlTest\BlTest.csproj", "{82D20F3E-6DC2-4122-8550-33E71296FE16}"
EndProject
Project("{9A19103F-16F7-4668-BE54-9A1E7A4F7556}") = "PL", "PL\PL.csproj", "{C94CAF3B-C7E4-4CF7-800E-112025F671B3}"
EndProject
Project("{2150E333-8FDC-42A3-9474-1A3956D46DE8}") = "xml", "xml", "{2D215928-8564-457B-9B57-2BEF49288EB1}"
	ProjectSection(SolutionItems) = preProject
		xml\dal-config.xml = xml\dal-config.xml
	EndProjectSection
EndProject
Global
	GlobalSection(SolutionConfigurationPlatforms) = preSolution
		Debug|Any CPU = Debug|Any CPU
		Release|Any CPU = Release|Any CPU
	EndGlobalSection
	GlobalSection(ProjectConfigurationPlatforms) = postSolution
		{F42C028E-BCE9-466D-9AC9-96474E66A4D3}.Debug|Any CPU.ActiveCfg = Debug|Any CPU
		{F42C028E-BCE9-466D-9AC9-96474E66A4D3}.Debug|Any CPU.Build.0 = Debug|Any CPU
		{F42C028E-BCE9-466D-9AC9-96474E66A4D3}.Release|Any CPU.ActiveCfg = Release|Any CPU
		{F42C028E-BCE9-466D-9AC9-96474E66A4D3}.Release|Any CPU.Build.0 = Release|Any CPU
		{EA6D9BDC-C5EC-4414-B0C4-E3F9855AFB50}.Debug|Any CPU.ActiveCfg = Debug|Any CPU
		{EA6D9BDC-C5EC-4414-B0C4-E3F9855AFB50}.Debug|Any CPU.Build.0 = Debug|Any CPU
		{EA6D9BDC-C5EC-4414-B0C4-E3F9855AFB50}.Release|Any CPU.ActiveCfg = Release|Any CPU
		{EA6D9BDC-C5EC-4414-B0C4-E3F9855AFB50}.Release|Any CPU.Build.0 = Release|Any CPU
		{22C913B9-C7CC-4D48-8232-2A00CA32921F}.Debug|Any CPU.ActiveCfg = Debug|Any CPU
		{22C913B9-C7CC-4D48-8232-2A00CA32921F}.Debug|Any CPU.Build.0 = Debug|Any CPU
		{22C913B9-C7CC-4D48-8232-2A00CA32921F}.Release|Any CPU.ActiveCfg = Release|Any CPU
		{22C913B9-C7CC-4D48-8232-2A00CA32921F}.Release|Any CPU.Build.0 = Release|Any CPU
		{51ED59A9-C9E7-41AF-A1DC-1466EAB5D309}.Debug|Any CPU.ActiveCfg = Debug|Any CPU
		{51ED59A9-C9E7-41AF-A1DC-1466EAB5D309}.Debug|Any CPU.Build.0 = Debug|Any CPU
		{51ED59A9-C9E7-41AF-A1DC-1466EAB5D309}.Release|Any CPU.ActiveCfg = Release|Any CPU
		{51ED59A9-C9E7-41AF-A1DC-1466EAB5D309}.Release|Any CPU.Build.0 = Release|Any CPU
		{8C7F6B41-D22C-43CC-BB3C-D0E90532C9AF}.Debug|Any CPU.ActiveCfg = Debug|Any CPU
		{8C7F6B41-D22C-43CC-BB3C-D0E90532C9AF}.Debug|Any CPU.Build.0 = Debug|Any CPU
		{8C7F6B41-D22C-43CC-BB3C-D0E90532C9AF}.Release|Any CPU.ActiveCfg = Release|Any CPU
		{8C7F6B41-D22C-43CC-BB3C-D0E90532C9AF}.Release|Any CPU.Build.0 = Release|Any CPU
		{82D20F3E-6DC2-4122-8550-33E71296FE16}.Debug|Any CPU.ActiveCfg = Debug|Any CPU
		{82D20F3E-6DC2-4122-8550-33E71296FE16}.Debug|Any CPU.Build.0 = Debug|Any CPU
		{82D20F3E-6DC2-4122-8550-33E71296FE16}.Release|Any CPU.ActiveCfg = Release|Any CPU
		{82D20F3E-6DC2-4122-8550-33E71296FE16}.Release|Any CPU.Build.0 = Release|Any CPU
		{C94CAF3B-C7E4-4CF7-800E-112025F671B3}.Debug|Any CPU.ActiveCfg = Debug|Any CPU
		{C94CAF3B-C7E4-4CF7-800E-112025F671B3}.Debug|Any CPU.Build.0 = Debug|Any CPU
		{C94CAF3B-C7E4-4CF7-800E-112025F671B3}.Release|Any CPU.ActiveCfg = Release|Any CPU
		{C94CAF3B-C7E4-4CF7-800E-112025F671B3}.Release|Any CPU.Build.0 = Release|Any CPU
	EndGlobalSection
	GlobalSection(SolutionProperties) = preSolution
		HideSolutionNode = FALSE
	EndGlobalSection
	GlobalSection(ExtensibilityGlobals) = postSolution
		SolutionGuid = {D4FE0533-8C3B-482C-BC37-08442944EE16}
	EndGlobalSection
EndGlobal
